
Microsoft Visual Studio Solution File, Format Version 12.00
# Visual Studio Version 16
VisualStudioVersion = 16.0.28803.202
MinimumVisualStudioVersion = 10.0.40219.1
Project("{9A19103F-16F7-4668-BE54-9A1E7A4F7556}") = "vehicle_performance_calculator", "vehicle_performance_calculator.csproj", "{45F0C51A-BE47-445C-AF26-5CD9279CB639}"
EndProject
Global
	GlobalSection(SolutionConfigurationPlatforms) = preSolution
		Debug|Any CPU = Debug|Any CPU
		Release|Any CPU = Release|Any CPU
	EndGlobalSection
	GlobalSection(ProjectConfigurationPlatforms) = postSolution
		{45F0C51A-BE47-445C-AF26-5CD9279CB639}.Debug|Any CPU.ActiveCfg = Debug|Any CPU
		{45F0C51A-BE47-445C-AF26-5CD9279CB639}.Debug|Any CPU.Build.0 = Debug|Any CPU
		{45F0C51A-BE47-445C-AF26-5CD9279CB639}.Release|Any CPU.ActiveCfg = Release|Any CPU
		{45F0C51A-BE47-445C-AF26-5CD9279CB639}.Release|Any CPU.Build.0 = Release|Any CPU
	EndGlobalSection
	GlobalSection(SolutionProperties) = preSolution
		HideSolutionNode = FALSE
	EndGlobalSection
	GlobalSection(ExtensibilityGlobals) = postSolution
		SolutionGuid = {32B79563-9026-41B7-BFD1-927A6B8F182B}
	EndGlobalSection
EndGlobal
